
Microsoft Visual Studio Solution File, Format Version 12.00
# Visual Studio 15
VisualStudioVersion = 15.0.27130.0
MinimumVisualStudioVersion = 10.0.40219.1
Project("{FAE04EC0-301F-11D3-BF4B-00C04F79EFBC}") = "IAM.Atlas.Data", "IAM.Atlas.Data\IAM.Atlas.Data.csproj", "{B00665CD-61BA-4FAF-BF12-5661C0970033}"
EndProject
Project("{FAE04EC0-301F-11D3-BF4B-00C04F79EFBC}") = "IAM.Atlas.UI", "IAM.Atlas.UI\IAM.Atlas.UI.csproj", "{90C56164-F9C6-4566-AB99-54E09E19131B}"
EndProject
Project("{FAE04EC0-301F-11D3-BF4B-00C04F79EFBC}") = "IAM.Atlas.WebAPI", "IAM.Atlas.WebAPI\IAM.Atlas.WebAPI.csproj", "{6C7546EA-D02F-492B-930C-971B7AC0F265}"
EndProject
Project("{2150E333-8FDC-42A3-9474-1A3956D46DE8}") = "Solution Items", "Solution Items", "{079FA31D-2220-4A87-B61E-2C6BBCDA348E}"
	ProjectSection(SolutionItems) = preProject
		Performance1.psess = Performance1.psess
		WebEssentials-Settings.json = WebEssentials-Settings.json
		WebEssentials2015-Settings.json = WebEssentials2015-Settings.json
	EndProjectSection
EndProject
Project("{2150E333-8FDC-42A3-9474-1A3956D46DE8}") = "Release", "Release", "{C6CEACAD-841D-4E30-BF98-C7B690AC4DD6}"
	ProjectSection(SolutionItems) = preProject
		Atlas-demo.publishsettings.xml = Atlas-demo.publishsettings.xml
		Atlas-dev.publishsettings.xml = Atlas-dev.publishsettings.xml
		Atlas-live-uk.publishsettings.xml = Atlas-live-uk.publishsettings.xml
		Atlas-test.publishsettings.xml = Atlas-test.publishsettings.xml
		Atlas-uat.publishsettings.xml = Atlas-uat.publishsettings.xml
		Deploy.ps1 = Deploy.ps1
		Documentation.txt = Documentation.txt
		Update-Web.Config.ps1 = Update-Web.Config.ps1
	EndProjectSection
EndProject
Project("{2150E333-8FDC-42A3-9474-1A3956D46DE8}") = "Test", "Test", "{F9443695-BDFC-460D-94AE-BEAFADA674AA}"
	ProjectSection(SolutionItems) = preProject
		dors-iam-atlas-test.pubxml = dors-iam-atlas-test.pubxml
		netcall-iam-atlas-test.pubxml = netcall-iam-atlas-test.pubxml
		scheduler-iam-atlas-test.pubxml = scheduler-iam-atlas-test.pubxml
		ui-iam-atlas-test.pubxml = ui-iam-atlas-test.pubxml
		webapi-iam-atlas-test.pubxml = webapi-iam-atlas-test.pubxml
	EndProjectSection
EndProject
Project("{2150E333-8FDC-42A3-9474-1A3956D46DE8}") = "Dev", "Dev", "{C4E8CC5E-CFEB-42CB-B196-BB247D50587D}"
	ProjectSection(SolutionItems) = preProject
		dors-iam-atlas-dev.pubxml = dors-iam-atlas-dev.pubxml
		netcall-iam-atlas-dev.pubxml = netcall-iam-atlas-dev.pubxml
		scheduler-iam-atlas-dev.pubxml = scheduler-iam-atlas-dev.pubxml
		ui-iam-atlas-dev.pubxml = ui-iam-atlas-dev.pubxml
		webapi-iam-atlas-dev.pubxml = webapi-iam-atlas-dev.pubxml
	EndProjectSection
EndProject
Project("{2150E333-8FDC-42A3-9474-1A3956D46DE8}") = "UAT", "UAT", "{2A4849E4-975C-4FF3-8D2B-729E48CA93DD}"
	ProjectSection(SolutionItems) = preProject
		dors-iam-atlas-uat.pubxml = dors-iam-atlas-uat.pubxml
		netcall-iam-atlas-uat.pubxml = netcall-iam-atlas-uat.pubxml
		scheduler-iam-atlas-uat.pubxml = scheduler-iam-atlas-uat.pubxml
		ui-iam-atlas-uat.pubxml = ui-iam-atlas-uat.pubxml
		webapi-iam-atlas-uat.pubxml = webapi-iam-atlas-uat.pubxml
	EndProjectSection
EndProject
Project("{2150E333-8FDC-42A3-9474-1A3956D46DE8}") = "Live-uk", "Live-uk", "{4264C3FE-9E69-4B7C-9E64-E8294DE11E91}"
	ProjectSection(SolutionItems) = preProject
		dors-iam-atlas-live-uk.pubxml = dors-iam-atlas-live-uk.pubxml
		netcall-iam-atlas-live-uk.pubxml = netcall-iam-atlas-live-uk.pubxml
		scheduler-iam-atlas-live-uk.pubxml = scheduler-iam-atlas-live-uk.pubxml
		ui-iam-atlas-live-uk.pubxml = ui-iam-atlas-live-uk.pubxml
		webapi-iam-atlas-live-uk.pubxml = webapi-iam-atlas-live-uk.pubxml
	EndProjectSection
EndProject
Project("{FAE04EC0-301F-11D3-BF4B-00C04F79EFBC}") = "IAM.Atlas.Tools", "IAM.Atlas.Tools\IAM.Atlas.Tools.csproj", "{04ABDDB8-E555-41EE-8DB3-DF676ABCBDD8}"
EndProject
Project("{FAE04EC0-301F-11D3-BF4B-00C04F79EFBC}") = "IAM.DORS.Webservice", "IAM.DORS.Webservice\IAM.DORS.Webservice.csproj", "{D539B0B0-E255-4AF0-9A59-EAECA6A0C6CF}"
EndProject
Project("{FAE04EC0-301F-11D3-BF4B-00C04F79EFBC}") = "IAM.Atlas.Scheduler.WebService", "IAM.Atlas.Scheduler.WebService\IAM.Atlas.Scheduler.WebService.csproj", "{7E2E5C0F-D495-4245-8378-65809F2F59EC}"
EndProject
Project("{FAE04EC0-301F-11D3-BF4B-00C04F79EFBC}") = "IAM.Atlas.DocumentManagement", "IAM.Atlas.DocumentManagement\IAM.Atlas.DocumentManagement.csproj", "{E5F31077-A7C4-4EF7-A54D-4D8BA8B4BB0D}"
EndProject
Project("{FAE04EC0-301F-11D3-BF4B-00C04F79EFBC}") = "IAM.Atlas.Console", "IAM.Atlas.Console\IAM.Atlas.Console.csproj", "{738DBBB7-83B3-4A1A-AD30-10DB31151EEB}"
EndProject
Project("{FAE04EC0-301F-11D3-BF4B-00C04F79EFBC}") = "IAM.Atlas.Netcall.WebService", "IAM.Atlas.Netcall.WebService\IAM.Atlas.Netcall.WebService.csproj", "{829F5A47-57ED-4167-9023-DB077D96786A}"
EndProject
Project("{2150E333-8FDC-42A3-9474-1A3956D46DE8}") = "Demo", "Demo", "{8A3C41BA-049D-4ACC-AF2C-159FC1EEACB4}"
	ProjectSection(SolutionItems) = preProject
		dors-iam-atlas-demo.pubxml = dors-iam-atlas-demo.pubxml
		netcall-iam-atlas-demo.pubxml = netcall-iam-atlas-demo.pubxml
		scheduler-iam-atlas-demo.pubxml = scheduler-iam-atlas-demo.pubxml
		ui-iam-atlas-demo.pubxml = ui-iam-atlas-demo.pubxml
		webapi-iam-atlas-demo.pubxml = webapi-iam-atlas-demo.pubxml
	EndProjectSection
EndProject
Project("{FAE04EC0-301F-11D3-BF4B-00C04F79EFBC}") = "IAM.Atlas.WebAPITests", "IAM.Atlas.WebAPITests\IAM.Atlas.WebAPITests.csproj", "{21E5B171-D38E-433E-B95B-2CB3E79A46A6}"
EndProject
Global
	GlobalSection(SolutionConfigurationPlatforms) = preSolution
		Debug|Any CPU = Debug|Any CPU
		Release|Any CPU = Release|Any CPU
	EndGlobalSection
	GlobalSection(ProjectConfigurationPlatforms) = postSolution
		{B00665CD-61BA-4FAF-BF12-5661C0970033}.Debug|Any CPU.ActiveCfg = Debug|Any CPU
		{B00665CD-61BA-4FAF-BF12-5661C0970033}.Debug|Any CPU.Build.0 = Debug|Any CPU
		{B00665CD-61BA-4FAF-BF12-5661C0970033}.Release|Any CPU.ActiveCfg = Release|Any CPU
		{B00665CD-61BA-4FAF-BF12-5661C0970033}.Release|Any CPU.Build.0 = Release|Any CPU
		{B00665CD-61BA-4FAF-BF12-5661C0970033}.Release|Any CPU.Deploy.0 = Release|Any CPU
		{90C56164-F9C6-4566-AB99-54E09E19131B}.Debug|Any CPU.ActiveCfg = Debug|Any CPU
		{90C56164-F9C6-4566-AB99-54E09E19131B}.Debug|Any CPU.Build.0 = Debug|Any CPU
		{90C56164-F9C6-4566-AB99-54E09E19131B}.Release|Any CPU.ActiveCfg = Release|Any CPU
		{90C56164-F9C6-4566-AB99-54E09E19131B}.Release|Any CPU.Build.0 = Release|Any CPU
		{6C7546EA-D02F-492B-930C-971B7AC0F265}.Debug|Any CPU.ActiveCfg = Debug|Any CPU
		{6C7546EA-D02F-492B-930C-971B7AC0F265}.Debug|Any CPU.Build.0 = Debug|Any CPU
		{6C7546EA-D02F-492B-930C-971B7AC0F265}.Release|Any CPU.ActiveCfg = Release|Any CPU
		{6C7546EA-D02F-492B-930C-971B7AC0F265}.Release|Any CPU.Build.0 = Release|Any CPU
		{04ABDDB8-E555-41EE-8DB3-DF676ABCBDD8}.Debug|Any CPU.ActiveCfg = Debug|Any CPU
		{04ABDDB8-E555-41EE-8DB3-DF676ABCBDD8}.Debug|Any CPU.Build.0 = Debug|Any CPU
		{04ABDDB8-E555-41EE-8DB3-DF676ABCBDD8}.Release|Any CPU.ActiveCfg = Release|Any CPU
		{04ABDDB8-E555-41EE-8DB3-DF676ABCBDD8}.Release|Any CPU.Build.0 = Release|Any CPU
		{D539B0B0-E255-4AF0-9A59-EAECA6A0C6CF}.Debug|Any CPU.ActiveCfg = Debug|Any CPU
		{D539B0B0-E255-4AF0-9A59-EAECA6A0C6CF}.Debug|Any CPU.Build.0 = Debug|Any CPU
		{D539B0B0-E255-4AF0-9A59-EAECA6A0C6CF}.Release|Any CPU.ActiveCfg = Release|Any CPU
		{D539B0B0-E255-4AF0-9A59-EAECA6A0C6CF}.Release|Any CPU.Build.0 = Release|Any CPU
		{7E2E5C0F-D495-4245-8378-65809F2F59EC}.Debug|Any CPU.ActiveCfg = Debug|Any CPU
		{7E2E5C0F-D495-4245-8378-65809F2F59EC}.Debug|Any CPU.Build.0 = Debug|Any CPU
		{7E2E5C0F-D495-4245-8378-65809F2F59EC}.Release|Any CPU.ActiveCfg = Release|Any CPU
		{7E2E5C0F-D495-4245-8378-65809F2F59EC}.Release|Any CPU.Build.0 = Release|Any CPU
		{E5F31077-A7C4-4EF7-A54D-4D8BA8B4BB0D}.Debug|Any CPU.ActiveCfg = Debug|Any CPU
		{E5F31077-A7C4-4EF7-A54D-4D8BA8B4BB0D}.Debug|Any CPU.Build.0 = Debug|Any CPU
		{E5F31077-A7C4-4EF7-A54D-4D8BA8B4BB0D}.Release|Any CPU.ActiveCfg = Release|Any CPU
		{E5F31077-A7C4-4EF7-A54D-4D8BA8B4BB0D}.Release|Any CPU.Build.0 = Release|Any CPU
		{738DBBB7-83B3-4A1A-AD30-10DB31151EEB}.Debug|Any CPU.ActiveCfg = Debug|Any CPU
		{738DBBB7-83B3-4A1A-AD30-10DB31151EEB}.Debug|Any CPU.Build.0 = Debug|Any CPU
		{738DBBB7-83B3-4A1A-AD30-10DB31151EEB}.Release|Any CPU.ActiveCfg = Release|Any CPU
		{738DBBB7-83B3-4A1A-AD30-10DB31151EEB}.Release|Any CPU.Build.0 = Release|Any CPU
		{829F5A47-57ED-4167-9023-DB077D96786A}.Debug|Any CPU.ActiveCfg = Debug|Any CPU
		{829F5A47-57ED-4167-9023-DB077D96786A}.Debug|Any CPU.Build.0 = Debug|Any CPU
		{829F5A47-57ED-4167-9023-DB077D96786A}.Release|Any CPU.ActiveCfg = Release|Any CPU
		{829F5A47-57ED-4167-9023-DB077D96786A}.Release|Any CPU.Build.0 = Release|Any CPU
		{21E5B171-D38E-433E-B95B-2CB3E79A46A6}.Debug|Any CPU.ActiveCfg = Debug|Any CPU
		{21E5B171-D38E-433E-B95B-2CB3E79A46A6}.Debug|Any CPU.Build.0 = Debug|Any CPU
		{21E5B171-D38E-433E-B95B-2CB3E79A46A6}.Release|Any CPU.ActiveCfg = Release|Any CPU
		{21E5B171-D38E-433E-B95B-2CB3E79A46A6}.Release|Any CPU.Build.0 = Release|Any CPU
	EndGlobalSection
	GlobalSection(SolutionProperties) = preSolution
		HideSolutionNode = FALSE
	EndGlobalSection
	GlobalSection(NestedProjects) = preSolution
		{F9443695-BDFC-460D-94AE-BEAFADA674AA} = {C6CEACAD-841D-4E30-BF98-C7B690AC4DD6}
		{C4E8CC5E-CFEB-42CB-B196-BB247D50587D} = {C6CEACAD-841D-4E30-BF98-C7B690AC4DD6}
		{2A4849E4-975C-4FF3-8D2B-729E48CA93DD} = {C6CEACAD-841D-4E30-BF98-C7B690AC4DD6}
		{4264C3FE-9E69-4B7C-9E64-E8294DE11E91} = {C6CEACAD-841D-4E30-BF98-C7B690AC4DD6}
		{8A3C41BA-049D-4ACC-AF2C-159FC1EEACB4} = {C6CEACAD-841D-4E30-BF98-C7B690AC4DD6}
	EndGlobalSection
	GlobalSection(ExtensibilityGlobals) = postSolution
		SolutionGuid = {CC67D3B5-834C-4BFF-8DFE-4E58D569A3B7}
	EndGlobalSection
	GlobalSection(TeamFoundationVersionControl) = preSolution
		SccNumberOfProjects = 11
		SccEnterpriseProvider = {4CA58AB2-18FA-4F8D-95D4-32DDF27D184C}
		SccTeamFoundationServer = https://iam-software.visualstudio.com/
		SccLocalPath0 = .
		SccProjectUniqueName1 = IAM.Atlas.Data\\IAM.Atlas.Data.csproj
		SccProjectName1 = IAM.Atlas.Data
		SccLocalPath1 = IAM.Atlas.Data
		SccProjectUniqueName2 = IAM.Atlas.UI\\IAM.Atlas.UI.csproj
		SccProjectName2 = IAM.Atlas.UI
		SccLocalPath2 = IAM.Atlas.UI
		SccProjectUniqueName3 = IAM.Atlas.WebAPI\\IAM.Atlas.WebAPI.csproj
		SccProjectName3 = IAM.Atlas.WebAPI
		SccLocalPath3 = IAM.Atlas.WebAPI
		SccProjectUniqueName4 = IAM.Atlas.Tools\\IAM.Atlas.Tools.csproj
		SccProjectName4 = IAM.Atlas.Tools
		SccLocalPath4 = IAM.Atlas.Tools
		SccProjectUniqueName5 = IAM.DORS.Webservice\\IAM.DORS.Webservice.csproj
		SccProjectName5 = IAM.DORS.Webservice
		SccLocalPath5 = IAM.DORS.Webservice
		SccProjectUniqueName6 = IAM.Atlas.Scheduler.WebService\\IAM.Atlas.Scheduler.WebService.csproj
		SccProjectName6 = IAM.Atlas.Scheduler.WebService
		SccLocalPath6 = IAM.Atlas.Scheduler.WebService
		SccProjectUniqueName7 = IAM.Atlas.DocumentManagement\\IAM.Atlas.DocumentManagement.csproj
		SccProjectName7 = IAM.Atlas.DocumentManagement
		SccLocalPath7 = IAM.Atlas.DocumentManagement
		SccProjectUniqueName8 = IAM.Atlas.Console\\IAM.Atlas.Console.csproj
		SccProjectName8 = IAM.Atlas.Console
		SccLocalPath8 = IAM.Atlas.Console
		SccProjectUniqueName9 = IAM.Atlas.Netcall.WebService\\IAM.Atlas.Netcall.WebService.csproj
		SccProjectName9 = IAM.Atlas.Netcall.WebService
		SccLocalPath9 = IAM.Atlas.Netcall.WebService
		SccProjectUniqueName10 = IAM.Atlas.WebAPITests\\IAM.Atlas.WebAPITests.csproj
		SccProjectName10 = IAM.Atlas.WebAPITests
		SccLocalPath10 = IAM.Atlas.WebAPITests
	EndGlobalSection
EndGlobal
